
Microsoft Visual Studio Solution File, Format Version 12.00
# Visual Studio Version 16
VisualStudioVersion = 16.0.31129.286
MinimumVisualStudioVersion = 10.0.40219.1
Project("{2150E333-8FDC-42A3-9474-1A3956D46DE8}") = "CreationalDesign", "CreationalDesign", "{8EAE0B90-42F9-4507-A6EB-AC471F42ADC1}"
EndProject
Project("{2150E333-8FDC-42A3-9474-1A3956D46DE8}") = "StructuralDesign", "StructuralDesign", "{9AAFDF26-1BCA-4BB1-B0DF-8766FED90DAB}"
EndProject
Project("{2150E333-8FDC-42A3-9474-1A3956D46DE8}") = "BehavioralDesign", "BehavioralDesign", "{C54C87B3-994B-4BED-B7B4-95863BB43F18}"
EndProject
Global
	GlobalSection(SolutionProperties) = preSolution
		HideSolutionNode = FALSE
	EndGlobalSection
	GlobalSection(ExtensibilityGlobals) = postSolution
		SolutionGuid = {0B6E9934-1DE4-4D7C-9047-77482ECD1C34}
	EndGlobalSection
EndGlobal
